
Microsoft Visual Studio Solution File, Format Version 12.00
# Visual Studio Version 16
VisualStudioVersion = 16.0.31613.86
MinimumVisualStudioVersion = 10.0.40219.1
Project("{9A19103F-16F7-4668-BE54-9A1E7A4F7556}") = "removeduplicates", "removeduplicates.csproj", "{FAF2DE67-CE88-4306-8AB4-712D0BD201C7}"
EndProject
Global
	GlobalSection(SolutionConfigurationPlatforms) = preSolution
		Debug|Any CPU = Debug|Any CPU
		Release|Any CPU = Release|Any CPU
	EndGlobalSection
	GlobalSection(ProjectConfigurationPlatforms) = postSolution
		{FAF2DE67-CE88-4306-8AB4-712D0BD201C7}.Debug|Any CPU.ActiveCfg = Debug|Any CPU
		{FAF2DE67-CE88-4306-8AB4-712D0BD201C7}.Debug|Any CPU.Build.0 = Debug|Any CPU
		{FAF2DE67-CE88-4306-8AB4-712D0BD201C7}.Release|Any CPU.ActiveCfg = Release|Any CPU
		{FAF2DE67-CE88-4306-8AB4-712D0BD201C7}.Release|Any CPU.Build.0 = Release|Any CPU
	EndGlobalSection
	GlobalSection(SolutionProperties) = preSolution
		HideSolutionNode = FALSE
	EndGlobalSection
	GlobalSection(ExtensibilityGlobals) = postSolution
		SolutionGuid = {8FCE6A2D-947B-408E-B5DF-BB816C9612E0}
	EndGlobalSection
EndGlobal
