
Microsoft Visual Studio Solution File, Format Version 12.00
# Visual Studio Version 16
VisualStudioVersion = 16.0.31613.86
MinimumVisualStudioVersion = 10.0.40219.1
Project("{9A19103F-16F7-4668-BE54-9A1E7A4F7556}") = "CyclicRotationToRight", "CyclicRotationToRight.csproj", "{47414693-9913-4963-9299-1209F159C08C}"
EndProject
Global
	GlobalSection(SolutionConfigurationPlatforms) = preSolution
		Debug|Any CPU = Debug|Any CPU
		Release|Any CPU = Release|Any CPU
	EndGlobalSection
	GlobalSection(ProjectConfigurationPlatforms) = postSolution
		{47414693-9913-4963-9299-1209F159C08C}.Debug|Any CPU.ActiveCfg = Debug|Any CPU
		{47414693-9913-4963-9299-1209F159C08C}.Debug|Any CPU.Build.0 = Debug|Any CPU
		{47414693-9913-4963-9299-1209F159C08C}.Release|Any CPU.ActiveCfg = Release|Any CPU
		{47414693-9913-4963-9299-1209F159C08C}.Release|Any CPU.Build.0 = Release|Any CPU
	EndGlobalSection
	GlobalSection(SolutionProperties) = preSolution
		HideSolutionNode = FALSE
	EndGlobalSection
	GlobalSection(ExtensibilityGlobals) = postSolution
		SolutionGuid = {5A58AD15-8100-46AB-8BD8-D0DD34D579B8}
	EndGlobalSection
EndGlobal
