
Microsoft Visual Studio Solution File, Format Version 12.00
# Visual Studio Version 16
VisualStudioVersion = 16.0.31613.86
MinimumVisualStudioVersion = 10.0.40219.1
Project("{9A19103F-16F7-4668-BE54-9A1E7A4F7556}") = "validatingcard", "validatingcard.csproj", "{C826B223-6C45-4E12-9E49-89D368250239}"
EndProject
Global
	GlobalSection(SolutionConfigurationPlatforms) = preSolution
		Debug|Any CPU = Debug|Any CPU
		Release|Any CPU = Release|Any CPU
	EndGlobalSection
	GlobalSection(ProjectConfigurationPlatforms) = postSolution
		{C826B223-6C45-4E12-9E49-89D368250239}.Debug|Any CPU.ActiveCfg = Debug|Any CPU
		{C826B223-6C45-4E12-9E49-89D368250239}.Debug|Any CPU.Build.0 = Debug|Any CPU
		{C826B223-6C45-4E12-9E49-89D368250239}.Release|Any CPU.ActiveCfg = Release|Any CPU
		{C826B223-6C45-4E12-9E49-89D368250239}.Release|Any CPU.Build.0 = Release|Any CPU
	EndGlobalSection
	GlobalSection(SolutionProperties) = preSolution
		HideSolutionNode = FALSE
	EndGlobalSection
	GlobalSection(ExtensibilityGlobals) = postSolution
		SolutionGuid = {4C9257F2-AD5C-4309-98D5-378C00048B9D}
	EndGlobalSection
EndGlobal
