
Microsoft Visual Studio Solution File, Format Version 12.00
# Visual Studio Version 16
VisualStudioVersion = 16.0.31613.86
MinimumVisualStudioVersion = 10.0.40219.1
Project("{9A19103F-16F7-4668-BE54-9A1E7A4F7556}") = "PermMissingElement", "PermMissingElement.csproj", "{B8BC001B-5876-472C-9FD6-3A91EA25735D}"
EndProject
Global
	GlobalSection(SolutionConfigurationPlatforms) = preSolution
		Debug|Any CPU = Debug|Any CPU
		Release|Any CPU = Release|Any CPU
	EndGlobalSection
	GlobalSection(ProjectConfigurationPlatforms) = postSolution
		{B8BC001B-5876-472C-9FD6-3A91EA25735D}.Debug|Any CPU.ActiveCfg = Debug|Any CPU
		{B8BC001B-5876-472C-9FD6-3A91EA25735D}.Debug|Any CPU.Build.0 = Debug|Any CPU
		{B8BC001B-5876-472C-9FD6-3A91EA25735D}.Release|Any CPU.ActiveCfg = Release|Any CPU
		{B8BC001B-5876-472C-9FD6-3A91EA25735D}.Release|Any CPU.Build.0 = Release|Any CPU
	EndGlobalSection
	GlobalSection(SolutionProperties) = preSolution
		HideSolutionNode = FALSE
	EndGlobalSection
	GlobalSection(ExtensibilityGlobals) = postSolution
		SolutionGuid = {CC70A5CB-072F-4D7E-ADA4-D327B1E752A7}
	EndGlobalSection
EndGlobal
